
Microsoft Visual Studio Solution File, Format Version 12.00
# Visual Studio 15
VisualStudioVersion = 15.0.26730.16
MinimumVisualStudioVersion = 10.0.40219.1
Project("{8BC9CEB8-8B4A-11D0-8D11-00A0C91BC942}") = "CHIP 8 Emulator", "CHIP 8 Emulator\CHIP 8 Emulator.vcxproj", "{90B10E3B-C323-4B50-8ACD-5A78BDE4107E}"
EndProject
Global
	GlobalSection(SolutionConfigurationPlatforms) = preSolution
		Debug|x64 = Debug|x64
		Debug|x86 = Debug|x86
		Release|x64 = Release|x64
		Release|x86 = Release|x86
	EndGlobalSection
	GlobalSection(ProjectConfigurationPlatforms) = postSolution
		{90B10E3B-C323-4B50-8ACD-5A78BDE4107E}.Debug|x64.ActiveCfg = Debug|x64
		{90B10E3B-C323-4B50-8ACD-5A78BDE4107E}.Debug|x64.Build.0 = Debug|x64
		{90B10E3B-C323-4B50-8ACD-5A78BDE4107E}.Debug|x86.ActiveCfg = Debug|Win32
		{90B10E3B-C323-4B50-8ACD-5A78BDE4107E}.Debug|x86.Build.0 = Debug|Win32
		{90B10E3B-C323-4B50-8ACD-5A78BDE4107E}.Release|x64.ActiveCfg = Release|x64
		{90B10E3B-C323-4B50-8ACD-5A78BDE4107E}.Release|x64.Build.0 = Release|x64
		{90B10E3B-C323-4B50-8ACD-5A78BDE4107E}.Release|x86.ActiveCfg = Release|Win32
		{90B10E3B-C323-4B50-8ACD-5A78BDE4107E}.Release|x86.Build.0 = Release|Win32
	EndGlobalSection
	GlobalSection(SolutionProperties) = preSolution
		HideSolutionNode = FALSE
	EndGlobalSection
	GlobalSection(ExtensibilityGlobals) = postSolution
		SolutionGuid = {CB0A9DF3-70E5-40FB-A5BB-F048F92856E0}
	EndGlobalSection
EndGlobal
